
Microsoft Visual Studio Solution File, Format Version 12.00
# Visual Studio Version 16
VisualStudioVersion = 16.0.30907.101
MinimumVisualStudioVersion = 10.0.40219.1
Project("{F184B08F-C81C-45F6-A57F-5ABD9991F28F}") = "ZAbbrevMaker", "ZAbbrevMaker\ZAbbrevMaker.vbproj", "{BAA70019-D6A5-44BD-8E27-B0EACDC8583D}"
EndProject
Global
	GlobalSection(SolutionConfigurationPlatforms) = preSolution
		Debug|Any CPU = Debug|Any CPU
		Release|Any CPU = Release|Any CPU
	EndGlobalSection
	GlobalSection(ProjectConfigurationPlatforms) = postSolution
		{BAA70019-D6A5-44BD-8E27-B0EACDC8583D}.Debug|Any CPU.ActiveCfg = Debug|Any CPU
		{BAA70019-D6A5-44BD-8E27-B0EACDC8583D}.Debug|Any CPU.Build.0 = Debug|Any CPU
		{BAA70019-D6A5-44BD-8E27-B0EACDC8583D}.Release|Any CPU.ActiveCfg = Release|Any CPU
		{BAA70019-D6A5-44BD-8E27-B0EACDC8583D}.Release|Any CPU.Build.0 = Release|Any CPU
	EndGlobalSection
	GlobalSection(SolutionProperties) = preSolution
		HideSolutionNode = FALSE
	EndGlobalSection
	GlobalSection(ExtensibilityGlobals) = postSolution
		SolutionGuid = {76C7E5D4-96F5-43D7-A7F3-CCC1E9A460F3}
	EndGlobalSection
EndGlobal
